
Microsoft Visual Studio Solution File, Format Version 12.00
# Visual Studio Version 16
VisualStudioVersion = 16.0.32106.194
MinimumVisualStudioVersion = 10.0.40219.1
Project("{9A19103F-16F7-4668-BE54-9A1E7A4F7556}") = "PasswordServer.Api", "PasswordServer.Api\PasswordServer.Api.csproj", "{8C16B362-D400-4D52-9924-AD5B401D7595}"
EndProject
Project("{9A19103F-16F7-4668-BE54-9A1E7A4F7556}") = "PasswordServer.Web", "PasswordServer.Web\PasswordServer.Web.csproj", "{CEB0DBE3-8482-456F-8D94-CDB66DF1EA95}"
EndProject
Project("{9A19103F-16F7-4668-BE54-9A1E7A4F7556}") = "PasswordServer.Api.IntegrationTests", "PasswordServer.Api.IntegrationTests\PasswordServer.Api.IntegrationTests.csproj", "{808FF9E0-6505-4CCA-A10D-5F3F9950FBD3}"
EndProject
Project("{9A19103F-16F7-4668-BE54-9A1E7A4F7556}") = "PasswordServer.Api.UnitTests", "PasswordServer.Api.UnitTests\PasswordServer.Api.UnitTests.csproj", "{E92724F1-09AB-42CB-B3C5-4178031BC2AB}"
EndProject
Global
	GlobalSection(SolutionConfigurationPlatforms) = preSolution
		Debug|Any CPU = Debug|Any CPU
		Release|Any CPU = Release|Any CPU
	EndGlobalSection
	GlobalSection(ProjectConfigurationPlatforms) = postSolution
		{8C16B362-D400-4D52-9924-AD5B401D7595}.Debug|Any CPU.ActiveCfg = Debug|Any CPU
		{8C16B362-D400-4D52-9924-AD5B401D7595}.Debug|Any CPU.Build.0 = Debug|Any CPU
		{8C16B362-D400-4D52-9924-AD5B401D7595}.Release|Any CPU.ActiveCfg = Release|Any CPU
		{8C16B362-D400-4D52-9924-AD5B401D7595}.Release|Any CPU.Build.0 = Release|Any CPU
		{CEB0DBE3-8482-456F-8D94-CDB66DF1EA95}.Debug|Any CPU.ActiveCfg = Debug|Any CPU
		{CEB0DBE3-8482-456F-8D94-CDB66DF1EA95}.Debug|Any CPU.Build.0 = Debug|Any CPU
		{CEB0DBE3-8482-456F-8D94-CDB66DF1EA95}.Release|Any CPU.ActiveCfg = Release|Any CPU
		{CEB0DBE3-8482-456F-8D94-CDB66DF1EA95}.Release|Any CPU.Build.0 = Release|Any CPU
		{808FF9E0-6505-4CCA-A10D-5F3F9950FBD3}.Debug|Any CPU.ActiveCfg = Debug|Any CPU
		{808FF9E0-6505-4CCA-A10D-5F3F9950FBD3}.Debug|Any CPU.Build.0 = Debug|Any CPU
		{808FF9E0-6505-4CCA-A10D-5F3F9950FBD3}.Release|Any CPU.ActiveCfg = Release|Any CPU
		{808FF9E0-6505-4CCA-A10D-5F3F9950FBD3}.Release|Any CPU.Build.0 = Release|Any CPU
		{E92724F1-09AB-42CB-B3C5-4178031BC2AB}.Debug|Any CPU.ActiveCfg = Debug|Any CPU
		{E92724F1-09AB-42CB-B3C5-4178031BC2AB}.Debug|Any CPU.Build.0 = Debug|Any CPU
		{E92724F1-09AB-42CB-B3C5-4178031BC2AB}.Release|Any CPU.ActiveCfg = Release|Any CPU
		{E92724F1-09AB-42CB-B3C5-4178031BC2AB}.Release|Any CPU.Build.0 = Release|Any CPU
	EndGlobalSection
	GlobalSection(SolutionProperties) = preSolution
		HideSolutionNode = FALSE
	EndGlobalSection
	GlobalSection(ExtensibilityGlobals) = postSolution
		SolutionGuid = {368CDAB3-BDCA-4117-BCE5-98A019D206AA}
	EndGlobalSection
EndGlobal
